# This file was autogenerated by Stack.
# You should not edit this file by hand.
# For more information, please see the documentation at:
#   https://docs.haskellstack.org/en/stable/topics/lock_files

packages:
- completed:
    commit: 501b61b4dbc189f1bb8e2080ccfd85473f2ac554
    git: https://github.com/Boarders/perfect-vector-shuffle
    name: perfect-vector-shuffle
    pantry-tree:
      sha256: 9bd3a5050e3f9fb206f468475dfd86fcfa4d82fcd3fdd0776389791598b07a24
      size: 792
    version: 0.1.1.1
  original:
    commit: 501b61b4dbc189f1bb8e2080ccfd85473f2ac554
    git: https://github.com/Boarders/perfect-vector-shuffle
- completed:
    hackage: conduit-algorithms-0.0.14.0@sha256:c8d14228d9634886c9dd4d0ef4cc7b029a93c323e99afb3878c3a9753372df67,3451
    pantry-tree:
      sha256: 137331b44d6be5d6e2c7247c5199107e467c5d152aa3ef66a026ca8bd54a0d66
      size: 865
  original:
    hackage: conduit-algorithms-0.0.14.0@sha256:c8d14228d9634886c9dd4d0ef4cc7b029a93c323e99afb3878c3a9753372df67,3451
snapshots:
- completed:
    sha256: 08bd13ce621b41a8f5e51456b38d5b46d7783ce114a50ab604d6bbab0d002146
    size: 720271
    url: https://raw.githubusercontent.com/commercialhaskell/stackage-snapshots/master/lts/22/43.yaml
  original: lts-22.43
